
Microsoft Visual Studio Solution File, Format Version 12.00
# Visual Studio Version 17
VisualStudioVersion = 17.8.34525.116
MinimumVisualStudioVersion = 10.0.40219.1
Project("{888888A0-9F3D-457C-B088-3A5042F75D52}") = "NASA_Picture_of_the_Day_API", "NASA_Picture_of_the_Day_API.pyproj", "{AECC2B9B-51BF-4A6E-A394-6E4458336F97}"
EndProject
Global
	GlobalSection(SolutionConfigurationPlatforms) = preSolution
		Debug|Any CPU = Debug|Any CPU
		Release|Any CPU = Release|Any CPU
	EndGlobalSection
	GlobalSection(ProjectConfigurationPlatforms) = postSolution
		{AECC2B9B-51BF-4A6E-A394-6E4458336F97}.Debug|Any CPU.ActiveCfg = Debug|Any CPU
		{AECC2B9B-51BF-4A6E-A394-6E4458336F97}.Release|Any CPU.ActiveCfg = Release|Any CPU
	EndGlobalSection
	GlobalSection(SolutionProperties) = preSolution
		HideSolutionNode = FALSE
	EndGlobalSection
	GlobalSection(ExtensibilityGlobals) = postSolution
		SolutionGuid = {94B6F377-283F-4E83-8A9F-863EE1720AF9}
	EndGlobalSection
EndGlobal
